
Microsoft Visual Studio Solution File, Format Version 12.00
# Visual Studio Express 14 for Windows Desktop
VisualStudioVersion = 14.0.25420.1
MinimumVisualStudioVersion = 10.0.40219.1
Project("{FAE04EC0-301F-11D3-BF4B-00C04F79EFBC}") = "GraTekstowaRPG", "GraTekstowaRPG\GraTekstowaRPG.csproj", "{A996D90D-6B43-414F-9411-43DD3FE2A3EC}"
EndProject
Project("{FAE04EC0-301F-11D3-BF4B-00C04F79EFBC}") = "Silnik", "Silnik\Silnik.csproj", "{623D96C9-A045-42C7-9397-E671725619BD}"
EndProject
Project("{FAE04EC0-301F-11D3-BF4B-00C04F79EFBC}") = "Test", "Test\Test.csproj", "{3132A24F-766A-4FA7-8656-5636950BD036}"
EndProject
Global
	GlobalSection(SolutionConfigurationPlatforms) = preSolution
		Debug|Any CPU = Debug|Any CPU
		Release|Any CPU = Release|Any CPU
	EndGlobalSection
	GlobalSection(ProjectConfigurationPlatforms) = postSolution
		{A996D90D-6B43-414F-9411-43DD3FE2A3EC}.Debug|Any CPU.ActiveCfg = Debug|Any CPU
		{A996D90D-6B43-414F-9411-43DD3FE2A3EC}.Debug|Any CPU.Build.0 = Debug|Any CPU
		{A996D90D-6B43-414F-9411-43DD3FE2A3EC}.Release|Any CPU.ActiveCfg = Release|Any CPU
		{A996D90D-6B43-414F-9411-43DD3FE2A3EC}.Release|Any CPU.Build.0 = Release|Any CPU
		{623D96C9-A045-42C7-9397-E671725619BD}.Debug|Any CPU.ActiveCfg = Debug|Any CPU
		{623D96C9-A045-42C7-9397-E671725619BD}.Debug|Any CPU.Build.0 = Debug|Any CPU
		{623D96C9-A045-42C7-9397-E671725619BD}.Release|Any CPU.ActiveCfg = Release|Any CPU
		{623D96C9-A045-42C7-9397-E671725619BD}.Release|Any CPU.Build.0 = Release|Any CPU
		{3132A24F-766A-4FA7-8656-5636950BD036}.Debug|Any CPU.ActiveCfg = Debug|Any CPU
		{3132A24F-766A-4FA7-8656-5636950BD036}.Debug|Any CPU.Build.0 = Debug|Any CPU
		{3132A24F-766A-4FA7-8656-5636950BD036}.Release|Any CPU.ActiveCfg = Release|Any CPU
		{3132A24F-766A-4FA7-8656-5636950BD036}.Release|Any CPU.Build.0 = Release|Any CPU
	EndGlobalSection
	GlobalSection(SolutionProperties) = preSolution
		HideSolutionNode = FALSE
	EndGlobalSection
EndGlobal
